<?xml version="1.0" encoding="utf-8"?>
<Project ToolsVersion="4.0" xmlns="http://schemas.microsoft.com/developer/msbuild/2003">
  <ItemGroup>
    <Filter Include="Source">
      <UniqueIdentifier>{435bac12-e3f9-461c-a5b4-71ce2753d83f}</UniqueIdentifier>
    </Filter>
    <Filter Include="Source\Pch">
      <UniqueIdentifier>{855681d0-b979-4843-815f-f08354fdeae7}</UniqueIdentifier>
    </Filter>
  </ItemGroup>
  <ItemGroup>
    <ClCompile Include="Source\CAS.cpp">
      <Filter>Source\Pch</Filter>
    </ClCompile>
  </ItemGroup>
  <ItemGroup>
    <ClInclude Include="Include\CAS.h">
      <Filter>Source\Pch</Filter>
    </ClInclude>
  </ItemGroup>
</Project>